
Microsoft Visual Studio Solution File, Format Version 12.00
# Visual Studio Version 17
VisualStudioVersion = 17.10.35122.118
MinimumVisualStudioVersion = 10.0.40219.1
Project("{FAE04EC0-301F-11D3-BF4B-00C04F79EFBC}") = "APIGateWay", "APIGateWay.csproj", "{0FEA367B-0899-492D-B33B-3763BBC48FFC}"
EndProject
Global
	GlobalSection(SolutionConfigurationPlatforms) = preSolution
		Debug|Any CPU = Debug|Any CPU
		Release|Any CPU = Release|Any CPU
	EndGlobalSection
	GlobalSection(ProjectConfigurationPlatforms) = postSolution
		{0FEA367B-0899-492D-B33B-3763BBC48FFC}.Debug|Any CPU.ActiveCfg = Debug|Any CPU
		{0FEA367B-0899-492D-B33B-3763BBC48FFC}.Debug|Any CPU.Build.0 = Debug|Any CPU
		{0FEA367B-0899-492D-B33B-3763BBC48FFC}.Release|Any CPU.ActiveCfg = Release|Any CPU
		{0FEA367B-0899-492D-B33B-3763BBC48FFC}.Release|Any CPU.Build.0 = Release|Any CPU
	EndGlobalSection
	GlobalSection(SolutionProperties) = preSolution
		HideSolutionNode = FALSE
	EndGlobalSection
	GlobalSection(ExtensibilityGlobals) = postSolution
		SolutionGuid = {9C562F27-B25B-41C7-9796-BBDCDE5EAEAA}
	EndGlobalSection
EndGlobal
