
Microsoft Visual Studio Solution File, Format Version 12.00
# Visual Studio Version 17
VisualStudioVersion = 17.10.35122.118
MinimumVisualStudioVersion = 10.0.40219.1
Project("{FAE04EC0-301F-11D3-BF4B-00C04F79EFBC}") = "codefirstapi", "codefirstapi.csproj", "{0D47FD97-AEFC-42D5-9311-EA241E730B57}"
EndProject
Global
	GlobalSection(SolutionConfigurationPlatforms) = preSolution
		Debug|Any CPU = Debug|Any CPU
		Release|Any CPU = Release|Any CPU
	EndGlobalSection
	GlobalSection(ProjectConfigurationPlatforms) = postSolution
		{0D47FD97-AEFC-42D5-9311-EA241E730B57}.Debug|Any CPU.ActiveCfg = Debug|Any CPU
		{0D47FD97-AEFC-42D5-9311-EA241E730B57}.Debug|Any CPU.Build.0 = Debug|Any CPU
		{0D47FD97-AEFC-42D5-9311-EA241E730B57}.Release|Any CPU.ActiveCfg = Release|Any CPU
		{0D47FD97-AEFC-42D5-9311-EA241E730B57}.Release|Any CPU.Build.0 = Release|Any CPU
	EndGlobalSection
	GlobalSection(SolutionProperties) = preSolution
		HideSolutionNode = FALSE
	EndGlobalSection
	GlobalSection(ExtensibilityGlobals) = postSolution
		SolutionGuid = {AB7B2F27-F52A-4FEE-9354-9142C20B995D}
	EndGlobalSection
EndGlobal
