
Microsoft Visual Studio Solution File, Format Version 12.00
# Visual Studio Version 17
VisualStudioVersion = 17.10.35122.118
MinimumVisualStudioVersion = 10.0.40219.1
Project("{FAE04EC0-301F-11D3-BF4B-00C04F79EFBC}") = "CustomerManagement", "CustomerManagement\CustomerManagement.csproj", "{13225AD0-A597-4E16-BA33-EAEAA31DAA96}"
EndProject
Project("{FAE04EC0-301F-11D3-BF4B-00C04F79EFBC}") = "CustomerWebAPI", "CustomerWebAPI\CustomerWebAPI.csproj", "{762A1CEC-5376-45C9-AB44-90FE49562A7B}"
EndProject
Global
	GlobalSection(SolutionConfigurationPlatforms) = preSolution
		Debug|Any CPU = Debug|Any CPU
		Release|Any CPU = Release|Any CPU
	EndGlobalSection
	GlobalSection(ProjectConfigurationPlatforms) = postSolution
		{13225AD0-A597-4E16-BA33-EAEAA31DAA96}.Debug|Any CPU.ActiveCfg = Debug|Any CPU
		{13225AD0-A597-4E16-BA33-EAEAA31DAA96}.Debug|Any CPU.Build.0 = Debug|Any CPU
		{13225AD0-A597-4E16-BA33-EAEAA31DAA96}.Release|Any CPU.ActiveCfg = Release|Any CPU
		{13225AD0-A597-4E16-BA33-EAEAA31DAA96}.Release|Any CPU.Build.0 = Release|Any CPU
		{762A1CEC-5376-45C9-AB44-90FE49562A7B}.Debug|Any CPU.ActiveCfg = Debug|Any CPU
		{762A1CEC-5376-45C9-AB44-90FE49562A7B}.Debug|Any CPU.Build.0 = Debug|Any CPU
		{762A1CEC-5376-45C9-AB44-90FE49562A7B}.Release|Any CPU.ActiveCfg = Release|Any CPU
		{762A1CEC-5376-45C9-AB44-90FE49562A7B}.Release|Any CPU.Build.0 = Release|Any CPU
	EndGlobalSection
	GlobalSection(SolutionProperties) = preSolution
		HideSolutionNode = FALSE
	EndGlobalSection
	GlobalSection(ExtensibilityGlobals) = postSolution
		SolutionGuid = {2B4C36C4-8C66-45AC-8618-AB500AADFB9A}
	EndGlobalSection
EndGlobal
